
Microsoft Visual Studio Solution File, Format Version 12.00
# Visual Studio 15
VisualStudioVersion = 15.0.28307.421
MinimumVisualStudioVersion = 10.0.40219.1
Project("{FAE04EC0-301F-11D3-BF4B-00C04F79EFBC}") = "WebApplication1", "WebApplication1\WebApplication1.csproj", "{55D279E3-3191-423A-B97D-256A64F63491}"
EndProject
Global
	GlobalSection(SolutionConfigurationPlatforms) = preSolution
		Debug|Any CPU = Debug|Any CPU
		Release|Any CPU = Release|Any CPU
	EndGlobalSection
	GlobalSection(ProjectConfigurationPlatforms) = postSolution
		{55D279E3-3191-423A-B97D-256A64F63491}.Debug|Any CPU.ActiveCfg = Debug|Any CPU
		{55D279E3-3191-423A-B97D-256A64F63491}.Debug|Any CPU.Build.0 = Debug|Any CPU
		{55D279E3-3191-423A-B97D-256A64F63491}.Release|Any CPU.ActiveCfg = Release|Any CPU
		{55D279E3-3191-423A-B97D-256A64F63491}.Release|Any CPU.Build.0 = Release|Any CPU
	EndGlobalSection
	GlobalSection(SolutionProperties) = preSolution
		HideSolutionNode = FALSE
	EndGlobalSection
	GlobalSection(ExtensibilityGlobals) = postSolution
		SolutionGuid = {E393671B-1936-4EAA-A0B9-D623895AF3F1}
	EndGlobalSection
EndGlobal
